
Microsoft Visual Studio Solution File, Format Version 12.00
# Visual Studio 15
VisualStudioVersion = 15.0.27703.1
MinimumVisualStudioVersion = 10.0.40219.1
Project("{8BC9CEB8-8B4A-11D0-8D11-00A0C91BC942}") = "BaseFilter", "BaseFilter\BaseFilter.vcxproj", "{632DD083-539D-412C-A3BC-84FB28E4FB2C}"
EndProject
Project("{8BC9CEB8-8B4A-11D0-8D11-00A0C91BC942}") = "ShowImage", "ShowImage\ShowImage.vcxproj", "{CAC14D63-2296-4213-9CDA-14108692C873}"
EndProject
Project("{8BC9CEB8-8B4A-11D0-8D11-00A0C91BC942}") = "MorphologicalFilter", "MorphologicalFilter\MorphologicalFilter.vcxproj", "{47E77B30-CFF8-44A4-ADD9-DD53372E6295}"
EndProject
Project("{8BC9CEB8-8B4A-11D0-8D11-00A0C91BC942}") = "SplitImage", "SplitImage\SplitImage.vcxproj", "{A09EBA15-EDB7-47B8-BAE8-071D9FDF03D7}"
EndProject
Project("{8BC9CEB8-8B4A-11D0-8D11-00A0C91BC942}") = "SegmentationImage", "SegmentationImage\SegmentationImage.vcxproj", "{B5D204FF-643E-4BCF-8DBE-DB204A74A8D3}"
EndProject
Project("{8BC9CEB8-8B4A-11D0-8D11-00A0C91BC942}") = "EdgeDetection", "EdgeDetection\EdgeDetection.vcxproj", "{AE46A596-9803-4122-BAD7-8FC7479117CB}"
EndProject
Project("{8BC9CEB8-8B4A-11D0-8D11-00A0C91BC942}") = "WaterShed", "WaterShed\WaterShed.vcxproj", "{A4CBA0F7-2543-4807-AB5D-FC3A787722B2}"
EndProject
Project("{8BC9CEB8-8B4A-11D0-8D11-00A0C91BC942}") = "AdaptiveThreshold", "AdaptiveThreshold\AdaptiveThreshold.vcxproj", "{90F3ED4C-678E-4E92-BC67-04394319E219}"
EndProject
Project("{8BC9CEB8-8B4A-11D0-8D11-00A0C91BC942}") = "FeatureDetection", "FeatureDetection\FeatureDetection.vcxproj", "{63060211-8313-490F-80A2-B057943C92B5}"
EndProject
Project("{8BC9CEB8-8B4A-11D0-8D11-00A0C91BC942}") = "TestRice", "TestRice\TestRice.vcxproj", "{A1E6D3F5-76D7-4B8C-946C-D38721435EFD}"
EndProject
Project("{8BC9CEB8-8B4A-11D0-8D11-00A0C91BC942}") = "BackgroundExtraction", "BackgroundExtraction\BackgroundExtraction.vcxproj", "{CE27B6B2-F19E-44FC-A79D-8C0723D8C47F}"
EndProject
Project("{8BC9CEB8-8B4A-11D0-8D11-00A0C91BC942}") = "BackgroundExtractionV2", "BackgroundExtractionV2\BackgroundExtractionV2.vcxproj", "{145F1132-D2E8-4614-A30A-36DDCB5FF5D6}"
EndProject
Project("{8BC9CEB8-8B4A-11D0-8D11-00A0C91BC942}") = "OpticalFlowPyrLK", "OpticalFlowPyrLK\OpticalFlowPyrLK.vcxproj", "{5878231E-F485-4953-99EF-2E825A76AD2C}"
EndProject
Global
	GlobalSection(SolutionConfigurationPlatforms) = preSolution
		Debug|x64 = Debug|x64
		Debug|x86 = Debug|x86
		Release|x64 = Release|x64
		Release|x86 = Release|x86
	EndGlobalSection
	GlobalSection(ProjectConfigurationPlatforms) = postSolution
		{632DD083-539D-412C-A3BC-84FB28E4FB2C}.Debug|x64.ActiveCfg = Debug|x64
		{632DD083-539D-412C-A3BC-84FB28E4FB2C}.Debug|x64.Build.0 = Debug|x64
		{632DD083-539D-412C-A3BC-84FB28E4FB2C}.Debug|x86.ActiveCfg = Debug|Win32
		{632DD083-539D-412C-A3BC-84FB28E4FB2C}.Debug|x86.Build.0 = Debug|Win32
		{632DD083-539D-412C-A3BC-84FB28E4FB2C}.Release|x64.ActiveCfg = Release|x64
		{632DD083-539D-412C-A3BC-84FB28E4FB2C}.Release|x64.Build.0 = Release|x64
		{632DD083-539D-412C-A3BC-84FB28E4FB2C}.Release|x86.ActiveCfg = Release|Win32
		{632DD083-539D-412C-A3BC-84FB28E4FB2C}.Release|x86.Build.0 = Release|Win32
		{CAC14D63-2296-4213-9CDA-14108692C873}.Debug|x64.ActiveCfg = Debug|x64
		{CAC14D63-2296-4213-9CDA-14108692C873}.Debug|x64.Build.0 = Debug|x64
		{CAC14D63-2296-4213-9CDA-14108692C873}.Debug|x86.ActiveCfg = Debug|Win32
		{CAC14D63-2296-4213-9CDA-14108692C873}.Debug|x86.Build.0 = Debug|Win32
		{CAC14D63-2296-4213-9CDA-14108692C873}.Release|x64.ActiveCfg = Release|x64
		{CAC14D63-2296-4213-9CDA-14108692C873}.Release|x64.Build.0 = Release|x64
		{CAC14D63-2296-4213-9CDA-14108692C873}.Release|x86.ActiveCfg = Release|Win32
		{CAC14D63-2296-4213-9CDA-14108692C873}.Release|x86.Build.0 = Release|Win32
		{47E77B30-CFF8-44A4-ADD9-DD53372E6295}.Debug|x64.ActiveCfg = Debug|x64
		{47E77B30-CFF8-44A4-ADD9-DD53372E6295}.Debug|x64.Build.0 = Debug|x64
		{47E77B30-CFF8-44A4-ADD9-DD53372E6295}.Debug|x86.ActiveCfg = Debug|Win32
		{47E77B30-CFF8-44A4-ADD9-DD53372E6295}.Debug|x86.Build.0 = Debug|Win32
		{47E77B30-CFF8-44A4-ADD9-DD53372E6295}.Release|x64.ActiveCfg = Release|x64
		{47E77B30-CFF8-44A4-ADD9-DD53372E6295}.Release|x64.Build.0 = Release|x64
		{47E77B30-CFF8-44A4-ADD9-DD53372E6295}.Release|x86.ActiveCfg = Release|Win32
		{47E77B30-CFF8-44A4-ADD9-DD53372E6295}.Release|x86.Build.0 = Release|Win32
		{A09EBA15-EDB7-47B8-BAE8-071D9FDF03D7}.Debug|x64.ActiveCfg = Debug|x64
		{A09EBA15-EDB7-47B8-BAE8-071D9FDF03D7}.Debug|x64.Build.0 = Debug|x64
		{A09EBA15-EDB7-47B8-BAE8-071D9FDF03D7}.Debug|x86.ActiveCfg = Debug|Win32
		{A09EBA15-EDB7-47B8-BAE8-071D9FDF03D7}.Debug|x86.Build.0 = Debug|Win32
		{A09EBA15-EDB7-47B8-BAE8-071D9FDF03D7}.Release|x64.ActiveCfg = Release|x64
		{A09EBA15-EDB7-47B8-BAE8-071D9FDF03D7}.Release|x64.Build.0 = Release|x64
		{A09EBA15-EDB7-47B8-BAE8-071D9FDF03D7}.Release|x86.ActiveCfg = Release|Win32
		{A09EBA15-EDB7-47B8-BAE8-071D9FDF03D7}.Release|x86.Build.0 = Release|Win32
		{B5D204FF-643E-4BCF-8DBE-DB204A74A8D3}.Debug|x64.ActiveCfg = Debug|x64
		{B5D204FF-643E-4BCF-8DBE-DB204A74A8D3}.Debug|x64.Build.0 = Debug|x64
		{B5D204FF-643E-4BCF-8DBE-DB204A74A8D3}.Debug|x86.ActiveCfg = Debug|Win32
		{B5D204FF-643E-4BCF-8DBE-DB204A74A8D3}.Debug|x86.Build.0 = Debug|Win32
		{B5D204FF-643E-4BCF-8DBE-DB204A74A8D3}.Release|x64.ActiveCfg = Release|x64
		{B5D204FF-643E-4BCF-8DBE-DB204A74A8D3}.Release|x64.Build.0 = Release|x64
		{B5D204FF-643E-4BCF-8DBE-DB204A74A8D3}.Release|x86.ActiveCfg = Release|Win32
		{B5D204FF-643E-4BCF-8DBE-DB204A74A8D3}.Release|x86.Build.0 = Release|Win32
		{AE46A596-9803-4122-BAD7-8FC7479117CB}.Debug|x64.ActiveCfg = Debug|x64
		{AE46A596-9803-4122-BAD7-8FC7479117CB}.Debug|x64.Build.0 = Debug|x64
		{AE46A596-9803-4122-BAD7-8FC7479117CB}.Debug|x86.ActiveCfg = Debug|Win32
		{AE46A596-9803-4122-BAD7-8FC7479117CB}.Debug|x86.Build.0 = Debug|Win32
		{AE46A596-9803-4122-BAD7-8FC7479117CB}.Release|x64.ActiveCfg = Release|x64
		{AE46A596-9803-4122-BAD7-8FC7479117CB}.Release|x64.Build.0 = Release|x64
		{AE46A596-9803-4122-BAD7-8FC7479117CB}.Release|x86.ActiveCfg = Release|Win32
		{AE46A596-9803-4122-BAD7-8FC7479117CB}.Release|x86.Build.0 = Release|Win32
		{A4CBA0F7-2543-4807-AB5D-FC3A787722B2}.Debug|x64.ActiveCfg = Debug|x64
		{A4CBA0F7-2543-4807-AB5D-FC3A787722B2}.Debug|x64.Build.0 = Debug|x64
		{A4CBA0F7-2543-4807-AB5D-FC3A787722B2}.Debug|x86.ActiveCfg = Debug|Win32
		{A4CBA0F7-2543-4807-AB5D-FC3A787722B2}.Debug|x86.Build.0 = Debug|Win32
		{A4CBA0F7-2543-4807-AB5D-FC3A787722B2}.Release|x64.ActiveCfg = Release|x64
		{A4CBA0F7-2543-4807-AB5D-FC3A787722B2}.Release|x64.Build.0 = Release|x64
		{A4CBA0F7-2543-4807-AB5D-FC3A787722B2}.Release|x86.ActiveCfg = Release|Win32
		{A4CBA0F7-2543-4807-AB5D-FC3A787722B2}.Release|x86.Build.0 = Release|Win32
		{90F3ED4C-678E-4E92-BC67-04394319E219}.Debug|x64.ActiveCfg = Debug|x64
		{90F3ED4C-678E-4E92-BC67-04394319E219}.Debug|x64.Build.0 = Debug|x64
		{90F3ED4C-678E-4E92-BC67-04394319E219}.Debug|x86.ActiveCfg = Debug|Win32
		{90F3ED4C-678E-4E92-BC67-04394319E219}.Debug|x86.Build.0 = Debug|Win32
		{90F3ED4C-678E-4E92-BC67-04394319E219}.Release|x64.ActiveCfg = Release|x64
		{90F3ED4C-678E-4E92-BC67-04394319E219}.Release|x64.Build.0 = Release|x64
		{90F3ED4C-678E-4E92-BC67-04394319E219}.Release|x86.ActiveCfg = Release|Win32
		{90F3ED4C-678E-4E92-BC67-04394319E219}.Release|x86.Build.0 = Release|Win32
		{63060211-8313-490F-80A2-B057943C92B5}.Debug|x64.ActiveCfg = Debug|x64
		{63060211-8313-490F-80A2-B057943C92B5}.Debug|x64.Build.0 = Debug|x64
		{63060211-8313-490F-80A2-B057943C92B5}.Debug|x86.ActiveCfg = Debug|Win32
		{63060211-8313-490F-80A2-B057943C92B5}.Debug|x86.Build.0 = Debug|Win32
		{63060211-8313-490F-80A2-B057943C92B5}.Release|x64.ActiveCfg = Release|x64
		{63060211-8313-490F-80A2-B057943C92B5}.Release|x64.Build.0 = Release|x64
		{63060211-8313-490F-80A2-B057943C92B5}.Release|x86.ActiveCfg = Release|Win32
		{63060211-8313-490F-80A2-B057943C92B5}.Release|x86.Build.0 = Release|Win32
		{A1E6D3F5-76D7-4B8C-946C-D38721435EFD}.Debug|x64.ActiveCfg = Debug|x64
		{A1E6D3F5-76D7-4B8C-946C-D38721435EFD}.Debug|x64.Build.0 = Debug|x64
		{A1E6D3F5-76D7-4B8C-946C-D38721435EFD}.Debug|x86.ActiveCfg = Debug|Win32
		{A1E6D3F5-76D7-4B8C-946C-D38721435EFD}.Debug|x86.Build.0 = Debug|Win32
		{A1E6D3F5-76D7-4B8C-946C-D38721435EFD}.Release|x64.ActiveCfg = Release|x64
		{A1E6D3F5-76D7-4B8C-946C-D38721435EFD}.Release|x64.Build.0 = Release|x64
		{A1E6D3F5-76D7-4B8C-946C-D38721435EFD}.Release|x86.ActiveCfg = Release|Win32
		{A1E6D3F5-76D7-4B8C-946C-D38721435EFD}.Release|x86.Build.0 = Release|Win32
		{CE27B6B2-F19E-44FC-A79D-8C0723D8C47F}.Debug|x64.ActiveCfg = Debug|x64
		{CE27B6B2-F19E-44FC-A79D-8C0723D8C47F}.Debug|x64.Build.0 = Debug|x64
		{CE27B6B2-F19E-44FC-A79D-8C0723D8C47F}.Debug|x86.ActiveCfg = Debug|Win32
		{CE27B6B2-F19E-44FC-A79D-8C0723D8C47F}.Debug|x86.Build.0 = Debug|Win32
		{CE27B6B2-F19E-44FC-A79D-8C0723D8C47F}.Release|x64.ActiveCfg = Release|x64
		{CE27B6B2-F19E-44FC-A79D-8C0723D8C47F}.Release|x64.Build.0 = Release|x64
		{CE27B6B2-F19E-44FC-A79D-8C0723D8C47F}.Release|x86.ActiveCfg = Release|Win32
		{CE27B6B2-F19E-44FC-A79D-8C0723D8C47F}.Release|x86.Build.0 = Release|Win32
		{145F1132-D2E8-4614-A30A-36DDCB5FF5D6}.Debug|x64.ActiveCfg = Debug|x64
		{145F1132-D2E8-4614-A30A-36DDCB5FF5D6}.Debug|x64.Build.0 = Debug|x64
		{145F1132-D2E8-4614-A30A-36DDCB5FF5D6}.Debug|x86.ActiveCfg = Debug|Win32
		{145F1132-D2E8-4614-A30A-36DDCB5FF5D6}.Debug|x86.Build.0 = Debug|Win32
		{145F1132-D2E8-4614-A30A-36DDCB5FF5D6}.Release|x64.ActiveCfg = Release|x64
		{145F1132-D2E8-4614-A30A-36DDCB5FF5D6}.Release|x64.Build.0 = Release|x64
		{145F1132-D2E8-4614-A30A-36DDCB5FF5D6}.Release|x86.ActiveCfg = Release|Win32
		{145F1132-D2E8-4614-A30A-36DDCB5FF5D6}.Release|x86.Build.0 = Release|Win32
		{5878231E-F485-4953-99EF-2E825A76AD2C}.Debug|x64.ActiveCfg = Debug|x64
		{5878231E-F485-4953-99EF-2E825A76AD2C}.Debug|x64.Build.0 = Debug|x64
		{5878231E-F485-4953-99EF-2E825A76AD2C}.Debug|x86.ActiveCfg = Debug|Win32
		{5878231E-F485-4953-99EF-2E825A76AD2C}.Debug|x86.Build.0 = Debug|Win32
		{5878231E-F485-4953-99EF-2E825A76AD2C}.Release|x64.ActiveCfg = Release|x64
		{5878231E-F485-4953-99EF-2E825A76AD2C}.Release|x64.Build.0 = Release|x64
		{5878231E-F485-4953-99EF-2E825A76AD2C}.Release|x86.ActiveCfg = Release|Win32
		{5878231E-F485-4953-99EF-2E825A76AD2C}.Release|x86.Build.0 = Release|Win32
	EndGlobalSection
	GlobalSection(SolutionProperties) = preSolution
		HideSolutionNode = FALSE
	EndGlobalSection
	GlobalSection(ExtensibilityGlobals) = postSolution
		SolutionGuid = {18D0D67C-EFCF-4128-B8FC-04CCF0D9E1FD}
	EndGlobalSection
EndGlobal
